
Microsoft Visual Studio Solution File, Format Version 12.00
# Visual Studio Version 16
VisualStudioVersion = 16.0.30114.105
MinimumVisualStudioVersion = 10.0.40219.1
Project("{FAE04EC0-301F-11D3-BF4B-00C04F79EFBC}") = "HelloCalcApp", "HelloCalcApp.csproj", "{AD8777EF-E3BB-41E4-A69D-78DED78DE4A9}"
EndProject
Project("{FAE04EC0-301F-11D3-BF4B-00C04F79EFBC}") = "HelloCalcTests", "..\HelloCalcTests\HelloCalcTests.csproj", "{86502BCC-BA91-41FA-AE23-9E9AA0F35DFA}"
EndProject
Global
	GlobalSection(SolutionConfigurationPlatforms) = preSolution
		Debug|Any CPU = Debug|Any CPU
		Release|Any CPU = Release|Any CPU
	EndGlobalSection
	GlobalSection(ProjectConfigurationPlatforms) = postSolution
		{AD8777EF-E3BB-41E4-A69D-78DED78DE4A9}.Debug|Any CPU.ActiveCfg = Debug|Any CPU
		{AD8777EF-E3BB-41E4-A69D-78DED78DE4A9}.Debug|Any CPU.Build.0 = Debug|Any CPU
		{AD8777EF-E3BB-41E4-A69D-78DED78DE4A9}.Release|Any CPU.ActiveCfg = Release|Any CPU
		{AD8777EF-E3BB-41E4-A69D-78DED78DE4A9}.Release|Any CPU.Build.0 = Release|Any CPU
		{86502BCC-BA91-41FA-AE23-9E9AA0F35DFA}.Debug|Any CPU.ActiveCfg = Debug|Any CPU
		{86502BCC-BA91-41FA-AE23-9E9AA0F35DFA}.Debug|Any CPU.Build.0 = Debug|Any CPU
		{86502BCC-BA91-41FA-AE23-9E9AA0F35DFA}.Release|Any CPU.ActiveCfg = Release|Any CPU
		{86502BCC-BA91-41FA-AE23-9E9AA0F35DFA}.Release|Any CPU.Build.0 = Release|Any CPU
	EndGlobalSection
	GlobalSection(SolutionProperties) = preSolution
		HideSolutionNode = FALSE
	EndGlobalSection
	GlobalSection(ExtensibilityGlobals) = postSolution
		SolutionGuid = {EBF0BD54-26E9-4162-97B6-5BF415C7F30F}
	EndGlobalSection
EndGlobal
